// !$*UTF8*$!
{
	archiveVersion = 1;
	classes = {
	};
	objectVersion = 46;
	objects = {

/* Begin PBXBuildFile section */
		844FC26A1E8BA9F90065A028 /* main.m in Sources */ = {isa = PBXBuildFile; fileRef = 844FC2691E8BA9F90065A028 /* main.m */; };
		844FC26D1E8BA9F90065A028 /* AppDelegate.m in Sources */ = {isa = PBXBuildFile; fileRef = 844FC26C1E8BA9F90065A028 /* AppDelegate.m */; };
		844FC2701E8BA9F90065A028 /* ViewController.m in Sources */ = {isa = PBXBuildFile; fileRef = 844FC26F1E8BA9F90065A028 /* ViewController.m */; };
		844FC2731E8BA9F90065A028 /* Main.storyboard in Resources */ = {isa = PBXBuildFile; fileRef = 844FC2711E8BA9F90065A028 /* Main.storyboard */; };
		844FC2751E8BA9F90065A028 /* Assets.xcassets in Resources */ = {isa = PBXBuildFile; fileRef = 844FC2741E8BA9F90065A028 /* Assets.xcassets */; };
		844FC2781E8BA9F90065A028 /* LaunchScreen.storyboard in Resources */ = {isa = PBXBuildFile; fileRef = 844FC2761E8BA9F90065A028 /* LaunchScreen.storyboard */; };
		844FC2811E8BAC950065A028 /* public_key.der in Resources */ = {isa = PBXBuildFile; fileRef = 844FC27F1E8BAC950065A028 /* public_key.der */; };
		844FC2821E8BAC950065A028 /* private_key.p12 in Resources */ = {isa = PBXBuildFile; fileRef = 844FC2801E8BAC950065A028 /* private_key.p12 */; };
		844FC2851E8BACBB0065A028 /* Security.framework in Frameworks */ = {isa = PBXBuildFile; fileRef = 844FC2841E8BACBB0065A028 /* Security.framework */; };
		844FC2881E8BACF60065A028 /* RSAEncryptor.m in Sources */ = {isa = PBXBuildFile; fileRef = 844FC2871E8BACF60065A028 /* RSAEncryptor.m */; };
/* End PBXBuildFile section */

/* Begin PBXFileReference section */
		844FC2651E8BA9F90065A028 /* RSADemo.app */ = {isa = PBXFileReference; explicitFileType = wrapper.application; includeInIndex = 0; path = RSADemo.app; sourceTree = BUILT_PRODUCTS_DIR; };
		844FC2691E8BA9F90065A028 /* main.m */ = {isa = PBXFileReference; lastKnownFileType = sourcecode.c.objc; path = main.m; sourceTree = "<group>"; };
		844FC26B1E8BA9F90065A028 /* AppDelegate.h */ = {isa = PBXFileReference; lastKnownFileType = sourcecode.c.h; path = AppDelegate.h; sourceTree = "<group>"; };
		844FC26C1E8BA9F90065A028 /* AppDelegate.m */ = {isa = PBXFileReference; lastKnownFileType = sourcecode.c.objc; path = AppDelegate.m; sourceTree = "<group>"; };
		844FC26E1E8BA9F90065A028 /* ViewController.h */ = {isa = PBXFileReference; lastKnownFileType = sourcecode.c.h; path = ViewController.h; sourceTree = "<group>"; };
		844FC26F1E8BA9F90065A028 /* ViewController.m */ = {isa = PBXFileReference; lastKnownFileType = sourcecode.c.objc; path = ViewController.m; sourceTree = "<group>"; };
		844FC2721E8BA9F90065A028 /* Base */ = {isa = PBXFileReference; lastKnownFileType = file.storyboard; name = Base; path = Base.lproj/Main.storyboard; sourceTree = "<group>"; };
		844FC2741E8BA9F90065A028 /* Assets.xcassets */ = {isa = PBXFileReference; lastKnownFileType = folder.assetcatalog; path = Assets.xcassets; sourceTree = "<group>"; };
		844FC2771E8BA9F90065A028 /* Base */ = {isa = PBXFileReference; lastKnownFileType = file.storyboard; name = Base; path = Base.lproj/LaunchScreen.storyboard; sourceTree = "<group>"; };
		844FC2791E8BA9F90065A028 /* Info.plist */ = {isa = PBXFileReference; lastKnownFileType = text.plist.xml; path = Info.plist; sourceTree = "<group>"; };
		844FC27F1E8BAC950065A028 /* public_key.der */ = {isa = PBXFileReference; lastKnownFileType = file; path = public_key.der; sourceTree = "<group>"; };
		844FC2801E8BAC950065A028 /* private_key.p12 */ = {isa = PBXFileReference; lastKnownFileType = file; path = private_key.p12; sourceTree = "<group>"; };
		844FC2841E8BACBB0065A028 /* Security.framework */ = {isa = PBXFileReference; lastKnownFileType = wrapper.framework; name = Security.framework; path = System/Library/Frameworks/Security.framework; sourceTree = SDKROOT; };
		844FC2861E8BACF60065A028 /* RSAEncryptor.h */ = {isa = PBXFileReference; fileEncoding = 4; lastKnownFileType = sourcecode.c.h; path = RSAEncryptor.h; sourceTree = "<group>"; };
		844FC2871E8BACF60065A028 /* RSAEncryptor.m */ = {isa = PBXFileReference; fileEncoding = 4; lastKnownFileType = sourcecode.c.objc; path = RSAEncryptor.m; sourceTree = "<group>"; };
		844FC2891E8BB1370065A028 /* RSADemo.entitlements */ = {isa = PBXFileReference; lastKnownFileType = text.plist.entitlements; path = RSADemo.entitlements; sourceTree = "<group>"; };
/* End PBXFileReference section */

/* Begin PBXFrameworksBuildPhase section */
		844FC2621E8BA9F90065A028 /* Frameworks */ = {
			isa = PBXFrameworksBuildPhase;
			buildActionMask = 2147483647;
			files = (
				844FC2851E8BACBB0065A028 /* Security.framework in Frameworks */,
			);
			runOnlyForDeploymentPostprocessing = 0;
		};
/* End PBXFrameworksBuildPhase section */

/* Begin PBXGroup section */
		844FC25C1E8BA9F80065A028 = {
			isa = PBXGroup;
			children = (
				844FC27F1E8BAC950065A028 /* public_key.der */,
				844FC2801E8BAC950065A028 /* private_key.p12 */,
				844FC2671E8BA9F90065A028 /* RSADemo */,
				844FC2661E8BA9F90065A028 /* Products */,
				844FC2831E8BACBB0065A028 /* Frameworks */,
			);
			sourceTree = "<group>";
		};
		844FC2661E8BA9F90065A028 /* Products */ = {
			isa = PBXGroup;
			children = (
				844FC2651E8BA9F90065A028 /* RSADemo.app */,
			);
			name = Products;
			sourceTree = "<group>";
		};
		844FC2671E8BA9F90065A028 /* RSADemo */ = {
			isa = PBXGroup;
			children = (
				844FC2891E8BB1370065A028 /* RSADemo.entitlements */,
				844FC26B1E8BA9F90065A028 /* AppDelegate.h */,
				844FC26C1E8BA9F90065A028 /* AppDelegate.m */,
				844FC26E1E8BA9F90065A028 /* ViewController.h */,
				844FC26F1E8BA9F90065A028 /* ViewController.m */,
				844FC2711E8BA9F90065A028 /* Main.storyboard */,
				844FC2741E8BA9F90065A028 /* Assets.xcassets */,
				844FC2761E8BA9F90065A028 /* LaunchScreen.storyboard */,
				844FC2791E8BA9F90065A028 /* Info.plist */,
				844FC2681E8BA9F90065A028 /* Supporting Files */,
				844FC2861E8BACF60065A028 /* RSAEncryptor.h */,
				844FC2871E8BACF60065A028 /* RSAEncryptor.m */,
			);
			path = RSADemo;
			sourceTree = "<group>";
		};
		844FC2681E8BA9F90065A028 /* Supporting Files */ = {
			isa = PBXGroup;
			children = (
				844FC2691E8BA9F90065A028 /* main.m */,
			);
			name = "Supporting Files";
			sourceTree = "<group>";
		};
		844FC2831E8BACBB0065A028 /* Frameworks */ = {
			isa = PBXGroup;
			children = (
				844FC2841E8BACBB0065A028 /* Security.framework */,
			);
			name = Frameworks;
			sourceTree = "<group>";
		};
/* End PBXGroup section */

/* Begin PBXNativeTarget section */
		844FC2641E8BA9F90065A028 /* RSADemo */ = {
			isa = PBXNativeTarget;
			buildConfigurationList = 844FC27C1E8BA9F90065A028 /* Build configuration list for PBXNativeTarget "RSADemo" */;
			buildPhases = (
				844FC2611E8BA9F90065A028 /* Sources */,
				844FC2621E8BA9F90065A028 /* Frameworks */,
				844FC2631E8BA9F90065A028 /* Resources */,
			);
			buildRules = (
			);
			dependencies = (
			);
			name = RSADemo;
			productName = RSADemo;
			productReference = 844FC2651E8BA9F90065A028 /* RSADemo.app */;
			productType = "com.apple.product-type.application";
		};
/* End PBXNativeTarget section */

/* Begin PBXProject section */
		844FC25D1E8BA9F80065A028 /* Project object */ = {
			isa = PBXProject;
			attributes = {
				LastUpgradeCheck = 0810;
				ORGANIZATIONNAME = admin;
				TargetAttributes = {
					844FC2641E8BA9F90065A028 = {
						CreatedOnToolsVersion = 8.1;
						DevelopmentTeam = Q3JS9JRXZV;
						ProvisioningStyle = Automatic;
						SystemCapabilities = {
							com.apple.Keychain = {
								enabled = 1;
							};
						};
					};
				};
			};
			buildConfigurationList = 844FC2601E8BA9F80065A028 /* Build configuration list for PBXProject "RSADemo" */;
			compatibilityVersion = "Xcode 3.2";
			developmentRegion = English;
			hasScannedForEncodings = 0;
			knownRegions = (
				en,
				Base,
			);
			mainGroup = 844FC25C1E8BA9F80065A028;
			productRefGroup = 844FC2661E8BA9F90065A028 /* Products */;
			projectDirPath = "";
			projectRoot = "";
			targets = (
				844FC2641E8BA9F90065A028 /* RSADemo */,
			);
		};
/* End PBXProject section */

/* Begin PBXResourcesBuildPhase section */
		844FC2631E8BA9F90065A028 /* Resources */ = {
			isa = PBXResourcesBuildPhase;
			buildActionMask = 2147483647;
			files = (
				844FC2781E8BA9F90065A028 /* LaunchScreen.storyboard in Resources */,
				844FC2751E8BA9F90065A028 /* Assets.xcassets in Resources */,
				844FC2811E8BAC950065A028 /* public_key.der in Resources */,
				844FC2821E8BAC950065A028 /* private_key.p12 in Resources */,
				844FC2731E8BA9F90065A028 /* Main.storyboard in Resources */,
			);
			runOnlyForDeploymentPostprocessing = 0;
		};
/* End PBXResourcesBuildPhase section */

/* Begin PBXSourcesBuildPhase section */
		844FC2611E8BA9F90065A028 /* Sources */ = {
			isa = PBXSourcesBuildPhase;
			buildActionMask = 2147483647;
			files = (
				844FC2701E8BA9F90065A028 /* ViewController.m in Sources */,
				844FC2881E8BACF60065A028 /* RSAEncryptor.m in Sources */,
				844FC26D1E8BA9F90065A028 /* AppDelegate.m in Sources */,
				844FC26A1E8BA9F90065A028 /* main.m in Sources */,
			);
			runOnlyForDeploymentPostprocessing = 0;
		};
/* End PBXSourcesBuildPhase section */

/* Begin PBXVariantGroup section */
		844FC2711E8BA9F90065A028 /* Main.storyboard */ = {
			isa = PBXVariantGroup;
			children = (
				844FC2721E8BA9F90065A028 /* Base */,
			);
			name = Main.storyboard;
			sourceTree = "<group>";
		};
		844FC2761E8BA9F90065A028 /* LaunchScreen.storyboard */ = {
			isa = PBXVariantGroup;
			children = (
				844FC2771E8BA9F90065A028 /* Base */,
			);
			name = LaunchScreen.storyboard;
			sourceTree = "<group>";
		};
/* End PBXVariantGroup section */

/* Begin XCBuildConfiguration section */
		844FC27A1E8BA9F90065A028 /* Debug */ = {
			isa = XCBuildConfiguration;
			buildSettings = {
				ALWAYS_SEARCH_USER_PATHS = NO;
				CLANG_ANALYZER_NONNULL = YES;
				CLANG_CXX_LANGUAGE_STANDARD = "gnu++0x";
				CLANG_CXX_LIBRARY = "libc++";
				CLANG_ENABLE_MODULES = YES;
				CLANG_ENABLE_OBJC_ARC = YES;
				CLANG_WARN_BOOL_CONVERSION = YES;
				CLANG_WARN_CONSTANT_CONVERSION = YES;
				CLANG_WARN_DIRECT_OBJC_ISA_USAGE = YES_ERROR;
				CLANG_WARN_DOCUMENTATION_COMMENTS = YES;
				CLANG_WARN_EMPTY_BODY = YES;
				CLANG_WARN_ENUM_CONVERSION = YES;
				CLANG_WARN_INFINITE_RECURSION = YES;
				CLANG_WARN_INT_CONVERSION = YES;
				CLANG_WARN_OBJC_ROOT_CLASS = YES_ERROR;
				CLANG_WARN_SUSPICIOUS_MOVES = YES;
				CLANG_WARN_UNREACHABLE_CODE = YES;
				CLANG_WARN__DUPLICATE_METHOD_MATCH = YES;
				"CODE_SIGN_IDENTITY[sdk=iphoneos*]" = "iPhone Developer";
				COPY_PHASE_STRIP = NO;
				DEBUG_INFORMATION_FORMAT = dwarf;
				ENABLE_STRICT_OBJC_MSGSEND = YES;
				ENABLE_TESTABILITY = YES;
				GCC_C_LANGUAGE_STANDARD = gnu99;
				GCC_DYNAMIC_NO_PIC = NO;
				GCC_NO_COMMON_BLOCKS = YES;
				GCC_OPTIMIZATION_LEVEL = 0;
				GCC_PREPROCESSOR_DEFINITIONS = (
					"DEBUG=1",
					"$(inherited)",
				);
				GCC_WARN_64_TO_32_BIT_CONVERSION = YES;
				GCC_WARN_ABOUT_RETURN_TYPE = YES_ERROR;
				GCC_WARN_UNDECLARED_SELECTOR = YES;
				GCC_WARN_UNINITIALIZED_AUTOS = YES_AGGRESSIVE;
				GCC_WARN_UNUSED_FUNCTION = YES;
				GCC_WARN_UNUSED_VARIABLE = YES;
				IPHONEOS_DEPLOYMENT_TARGET = 10.1;
				MTL_ENABLE_DEBUG_INFO = YES;
				ONLY_ACTIVE_ARCH = YES;
				SDKROOT = iphoneos;
			};
			name = Debug;
		};
		844FC27B1E8BA9F90065A028 /* Release */ = {
			isa = XCBuildConfiguration;
			buildSettings = {
				ALWAYS_SEARCH_USER_PATHS = NO;
				CLANG_ANALYZER_NONNULL = YES;
				CLANG_CXX_LANGUAGE_STANDARD = "gnu++0x";
				CLANG_CXX_LIBRARY = "libc++";
				CLANG_ENABLE_MODULES = YES;
				CLANG_ENABLE_OBJC_ARC = YES;
				CLANG_WARN_BOOL_CONVERSION = YES;
				CLANG_WARN_CONSTANT_CONVERSION = YES;
				CLANG_WARN_DIRECT_OBJC_ISA_USAGE = YES_ERROR;
				CLANG_WARN_DOCUMENTATION_COMMENTS = YES;
				CLANG_WARN_EMPTY_BODY = YES;
				CLANG_WARN_ENUM_CONVERSION = YES;
				CLANG_WARN_INFINITE_RECURSION = YES;
				CLANG_WARN_INT_CONVERSION = YES;
				CLANG_WARN_OBJC_ROOT_CLASS = YES_ERROR;
				CLANG_WARN_SUSPICIOUS_MOVES = YES;
				CLANG_WARN_UNREACHABLE_CODE = YES;
				CLANG_WARN__DUPLICATE_METHOD_MATCH = YES;
				"CODE_SIGN_IDENTITY[sdk=iphoneos*]" = "iPhone Developer";
				COPY_PHASE_STRIP = NO;
				DEBUG_INFORMATION_FORMAT = "dwarf-with-dsym";
				ENABLE_NS_ASSERTIONS = NO;
				ENABLE_STRICT_OBJC_MSGSEND = YES;
				GCC_C_LANGUAGE_STANDARD = gnu99;
				GCC_NO_COMMON_BLOCKS = YES;
				GCC_WARN_64_TO_32_BIT_CONVERSION = YES;
				GCC_WARN_ABOUT_RETURN_TYPE = YES_ERROR;
				GCC_WARN_UNDECLARED_SELECTOR = YES;
				GCC_WARN_UNINITIALIZED_AUTOS = YES_AGGRESSIVE;
				GCC_WARN_UNUSED_FUNCTION = YES;
				GCC_WARN_UNUSED_VARIABLE = YES;
				IPHONEOS_DEPLOYMENT_TARGET = 10.1;
				MTL_ENABLE_DEBUG_INFO = NO;
				SDKROOT = iphoneos;
				VALIDATE_PRODUCT = YES;
			};
			name = Release;
		};
		844FC27D1E8BA9F90065A028 /* Debug */ = {
			isa = XCBuildConfiguration;
			buildSettings = {
				ASSETCATALOG_COMPILER_APPICON_NAME = AppIcon;
				CODE_SIGN_ENTITLEMENTS = RSADemo/RSADemo.entitlements;
				DEVELOPMENT_TEAM = Q3JS9JRXZV;
				INFOPLIST_FILE = RSADemo/Info.plist;
				LD_RUNPATH_SEARCH_PATHS = "$(inherited) @executable_path/Frameworks";
				PRODUCT_BUNDLE_IDENTIFIER = helloan.com.RSADemo;
				PRODUCT_NAME = "$(TARGET_NAME)";
			};
			name = Debug;
		};
		844FC27E1E8BA9F90065A028 /* Release */ = {
			isa = XCBuildConfiguration;
			buildSettings = {
				ASSETCATALOG_COMPILER_APPICON_NAME = AppIcon;
				CODE_SIGN_ENTITLEMENTS = RSADemo/RSADemo.entitlements;
				DEVELOPMENT_TEAM = Q3JS9JRXZV;
				INFOPLIST_FILE = RSADemo/Info.plist;
				LD_RUNPATH_SEARCH_PATHS = "$(inherited) @executable_path/Frameworks";
				PRODUCT_BUNDLE_IDENTIFIER = helloan.com.RSADemo;
				PRODUCT_NAME = "$(TARGET_NAME)";
			};
			name = Release;
		};
/* End XCBuildConfiguration section */

/* Begin XCConfigurationList section */
		844FC2601E8BA9F80065A028 /* Build configuration list for PBXProject "RSADemo" */ = {
			isa = XCConfigurationList;
			buildConfigurations = (
				844FC27A1E8BA9F90065A028 /* Debug */,
				844FC27B1E8BA9F90065A028 /* Release */,
			);
			defaultConfigurationIsVisible = 0;
			defaultConfigurationName = Release;
		};
		844FC27C1E8BA9F90065A028 /* Build configuration list for PBXNativeTarget "RSADemo" */ = {
			isa = XCConfigurationList;
			buildConfigurations = (
				844FC27D1E8BA9F90065A028 /* Debug */,
				844FC27E1E8BA9F90065A028 /* Release */,
			);
			defaultConfigurationIsVisible = 0;
		};
/* End XCConfigurationList section */
	};
	rootObject = 844FC25D1E8BA9F80065A028 /* Project object */;
}
